// !$*UTF8*$!
{
	archiveVersion = 1;
	classes = {
	};
	objectVersion = 55;
	objects = {

/* Begin PBXBuildFile section */
		1106A01E2AF1B42E00B5F7DB /* UserEntryRow.swift in Sources */ = {isa = PBXBuildFile; fileRef = 1106A01D2AF1B42E00B5F7DB /* UserEntryRow.swift */; };
		111ADDEB2AEEDE41001D04B4 /* Personal_Finance_AppApp.swift in Sources */ = {isa = PBXBuildFile; fileRef = 111ADDEA2AEEDE41001D04B4 /* Personal_Finance_AppApp.swift */; };
		111ADDED2AEEDE41001D04B4 /* ContentView.swift in Sources */ = {isa = PBXBuildFile; fileRef = 111ADDEC2AEEDE41001D04B4 /* ContentView.swift */; };
		111ADDEF2AEEDE43001D04B4 /* Assets.xcassets in Resources */ = {isa = PBXBuildFile; fileRef = 111ADDEE2AEEDE43001D04B4 /* Assets.xcassets */; };
		111ADDF22AEEDE43001D04B4 /* Preview Assets.xcassets in Resources */ = {isa = PBXBuildFile; fileRef = 111ADDF12AEEDE43001D04B4 /* Preview Assets.xcassets */; };
		115C4F5D2AF18CBC000B9108 /* SplashScreenView.swift in Sources */ = {isa = PBXBuildFile; fileRef = 115C4F5C2AF18CBC000B9108 /* SplashScreenView.swift */; };
		115C4F612AF18DD3000B9108 /* MainViewBuilder.swift in Sources */ = {isa = PBXBuildFile; fileRef = 115C4F602AF18DD3000B9108 /* MainViewBuilder.swift */; };
		1165C0392AF5E76900F6C641 /* AccountEntryModal+ViewModel.swift in Sources */ = {isa = PBXBuildFile; fileRef = 1165C0382AF5E76900F6C641 /* AccountEntryModal+ViewModel.swift */; };
		1165C03B2AF6A6FC00F6C641 /* TransactionModel.swift in Sources */ = {isa = PBXBuildFile; fileRef = 1165C03A2AF6A6FC00F6C641 /* TransactionModel.swift */; };
		11EA1C5C2AF22F2E00BD45F6 /* AccountModel.swift in Sources */ = {isa = PBXBuildFile; fileRef = 11EA1C5B2AF22F2E00BD45F6 /* AccountModel.swift */; };
		11EA1C5F2AF2332700BD45F6 /* SetupView.swift in Sources */ = {isa = PBXBuildFile; fileRef = 11EA1C5E2AF2332700BD45F6 /* SetupView.swift */; };
		11EA1C612AF2335D00BD45F6 /* SetupView+ViewModel.swift in Sources */ = {isa = PBXBuildFile; fileRef = 11EA1C602AF2335D00BD45F6 /* SetupView+ViewModel.swift */; };
		11EA1C642AF2350100BD45F6 /* MainButton.swift in Sources */ = {isa = PBXBuildFile; fileRef = 11EA1C632AF2350100BD45F6 /* MainButton.swift */; };
		11EA1C662AF2396800BD45F6 /* AccountRow.swift in Sources */ = {isa = PBXBuildFile; fileRef = 11EA1C652AF2396800BD45F6 /* AccountRow.swift */; };
		11EA1C692AF2E40500BD45F6 /* MainUDMethods.swift in Sources */ = {isa = PBXBuildFile; fileRef = 11EA1C682AF2E40500BD45F6 /* MainUDMethods.swift */; };
		11EA1C6C2AF2E57B00BD45F6 /* AccountEntryModal.swift in Sources */ = {isa = PBXBuildFile; fileRef = 11EA1C6B2AF2E57B00BD45F6 /* AccountEntryModal.swift */; };
		11EA1C6E2AF36BC900BD45F6 /* NumberOnlyViewModifier.swift in Sources */ = {isa = PBXBuildFile; fileRef = 11EA1C6D2AF36BC900BD45F6 /* NumberOnlyViewModifier.swift */; };
/* End PBXBuildFile section */

/* Begin PBXFileReference section */
		1106A01D2AF1B42E00B5F7DB /* UserEntryRow.swift */ = {isa = PBXFileReference; lastKnownFileType = sourcecode.swift; path = UserEntryRow.swift; sourceTree = "<group>"; };
		111ADDE72AEEDE41001D04B4 /* Personal Finance App.app */ = {isa = PBXFileReference; explicitFileType = wrapper.application; includeInIndex = 0; path = "Personal Finance App.app"; sourceTree = BUILT_PRODUCTS_DIR; };
		111ADDEA2AEEDE41001D04B4 /* Personal_Finance_AppApp.swift */ = {isa = PBXFileReference; lastKnownFileType = sourcecode.swift; path = Personal_Finance_AppApp.swift; sourceTree = "<group>"; };
		111ADDEC2AEEDE41001D04B4 /* ContentView.swift */ = {isa = PBXFileReference; lastKnownFileType = sourcecode.swift; path = ContentView.swift; sourceTree = "<group>"; };
		111ADDEE2AEEDE43001D04B4 /* Assets.xcassets */ = {isa = PBXFileReference; lastKnownFileType = folder.assetcatalog; path = Assets.xcassets; sourceTree = "<group>"; };
		111ADDF12AEEDE43001D04B4 /* Preview Assets.xcassets */ = {isa = PBXFileReference; lastKnownFileType = folder.assetcatalog; path = "Preview Assets.xcassets"; sourceTree = "<group>"; };
		115C4F5C2AF18CBC000B9108 /* SplashScreenView.swift */ = {isa = PBXFileReference; lastKnownFileType = sourcecode.swift; path = SplashScreenView.swift; sourceTree = "<group>"; };
		115C4F602AF18DD3000B9108 /* MainViewBuilder.swift */ = {isa = PBXFileReference; lastKnownFileType = sourcecode.swift; path = MainViewBuilder.swift; sourceTree = "<group>"; };
		1165C0382AF5E76900F6C641 /* AccountEntryModal+ViewModel.swift */ = {isa = PBXFileReference; lastKnownFileType = sourcecode.swift; path = "AccountEntryModal+ViewModel.swift"; sourceTree = "<group>"; };
		1165C03A2AF6A6FC00F6C641 /* TransactionModel.swift */ = {isa = PBXFileReference; lastKnownFileType = sourcecode.swift; path = TransactionModel.swift; sourceTree = "<group>"; };
		11EA1C5B2AF22F2E00BD45F6 /* AccountModel.swift */ = {isa = PBXFileReference; lastKnownFileType = sourcecode.swift; path = AccountModel.swift; sourceTree = "<group>"; };
		11EA1C5E2AF2332700BD45F6 /* SetupView.swift */ = {isa = PBXFileReference; lastKnownFileType = sourcecode.swift; path = SetupView.swift; sourceTree = "<group>"; };
		11EA1C602AF2335D00BD45F6 /* SetupView+ViewModel.swift */ = {isa = PBXFileReference; lastKnownFileType = sourcecode.swift; path = "SetupView+ViewModel.swift"; sourceTree = "<group>"; };
		11EA1C632AF2350100BD45F6 /* MainButton.swift */ = {isa = PBXFileReference; lastKnownFileType = sourcecode.swift; path = MainButton.swift; sourceTree = "<group>"; };
		11EA1C652AF2396800BD45F6 /* AccountRow.swift */ = {isa = PBXFileReference; lastKnownFileType = sourcecode.swift; path = AccountRow.swift; sourceTree = "<group>"; };
		11EA1C682AF2E40500BD45F6 /* MainUDMethods.swift */ = {isa = PBXFileReference; lastKnownFileType = sourcecode.swift; path = MainUDMethods.swift; sourceTree = "<group>"; };
		11EA1C6B2AF2E57B00BD45F6 /* AccountEntryModal.swift */ = {isa = PBXFileReference; lastKnownFileType = sourcecode.swift; path = AccountEntryModal.swift; sourceTree = "<group>"; };
		11EA1C6D2AF36BC900BD45F6 /* NumberOnlyViewModifier.swift */ = {isa = PBXFileReference; lastKnownFileType = sourcecode.swift; path = NumberOnlyViewModifier.swift; sourceTree = "<group>"; };
/* End PBXFileReference section */

/* Begin PBXFrameworksBuildPhase section */
		111ADDE42AEEDE41001D04B4 /* Frameworks */ = {
			isa = PBXFrameworksBuildPhase;
			buildActionMask = 2147483647;
			files = (
			);
			runOnlyForDeploymentPostprocessing = 0;
		};
/* End PBXFrameworksBuildPhase section */

/* Begin PBXGroup section */
		1106A01C2AF1B41E00B5F7DB /* Rows */ = {
			isa = PBXGroup;
			children = (
				1106A01D2AF1B42E00B5F7DB /* UserEntryRow.swift */,
				11EA1C652AF2396800BD45F6 /* AccountRow.swift */,
			);
			path = Rows;
			sourceTree = "<group>";
		};
		111ADDDE2AEEDE41001D04B4 = {
			isa = PBXGroup;
			children = (
				111ADDE92AEEDE41001D04B4 /* Personal Finance App */,
				111ADDE82AEEDE41001D04B4 /* Products */,
			);
			sourceTree = "<group>";
		};
		111ADDE82AEEDE41001D04B4 /* Products */ = {
			isa = PBXGroup;
			children = (
				111ADDE72AEEDE41001D04B4 /* Personal Finance App.app */,
			);
			name = Products;
			sourceTree = "<group>";
		};
		111ADDE92AEEDE41001D04B4 /* Personal Finance App */ = {
			isa = PBXGroup;
			children = (
				11EA1C5D2AF232BF00BD45F6 /* Setup Views */,
				11EA1C592AF22F0E00BD45F6 /* Models */,
				115C4F5F2AF18DB8000B9108 /* Assets */,
				111ADDEA2AEEDE41001D04B4 /* Personal_Finance_AppApp.swift */,
				111ADDEC2AEEDE41001D04B4 /* ContentView.swift */,
				111ADDEE2AEEDE43001D04B4 /* Assets.xcassets */,
				111ADDF02AEEDE43001D04B4 /* Preview Content */,
			);
			path = "Personal Finance App";
			sourceTree = "<group>";
		};
		111ADDF02AEEDE43001D04B4 /* Preview Content */ = {
			isa = PBXGroup;
			children = (
				111ADDF12AEEDE43001D04B4 /* Preview Assets.xcassets */,
			);
			path = "Preview Content";
			sourceTree = "<group>";
		};
		115C4F5F2AF18DB8000B9108 /* Assets */ = {
			isa = PBXGroup;
			children = (
				11EA1C672AF2E3BB00BD45F6 /* UserDefault Methods */,
				11EA1C622AF234EF00BD45F6 /* Buttons */,
				1106A01C2AF1B41E00B5F7DB /* Rows */,
				115C4F5C2AF18CBC000B9108 /* SplashScreenView.swift */,
				115C4F602AF18DD3000B9108 /* MainViewBuilder.swift */,
				11EA1C6D2AF36BC900BD45F6 /* NumberOnlyViewModifier.swift */,
			);
			path = Assets;
			sourceTree = "<group>";
		};
		1165C0372AF5E74900F6C641 /* AccountEntryModal */ = {
			isa = PBXGroup;
			children = (
				11EA1C6B2AF2E57B00BD45F6 /* AccountEntryModal.swift */,
				1165C0382AF5E76900F6C641 /* AccountEntryModal+ViewModel.swift */,
			);
			path = AccountEntryModal;
			sourceTree = "<group>";
		};
		11EA1C592AF22F0E00BD45F6 /* Models */ = {
			isa = PBXGroup;
			children = (
				11EA1C5B2AF22F2E00BD45F6 /* AccountModel.swift */,
				1165C03A2AF6A6FC00F6C641 /* TransactionModel.swift */,
			);
			path = Models;
			sourceTree = "<group>";
		};
		11EA1C5D2AF232BF00BD45F6 /* Setup Views */ = {
			isa = PBXGroup;
			children = (
				11EA1C6A2AF2E55700BD45F6 /* Modal Entries */,
				11EA1C5E2AF2332700BD45F6 /* SetupView.swift */,
				11EA1C602AF2335D00BD45F6 /* SetupView+ViewModel.swift */,
			);
			path = "Setup Views";
			sourceTree = "<group>";
		};
		11EA1C622AF234EF00BD45F6 /* Buttons */ = {
			isa = PBXGroup;
			children = (
				11EA1C632AF2350100BD45F6 /* MainButton.swift */,
			);
			path = Buttons;
			sourceTree = "<group>";
		};
		11EA1C672AF2E3BB00BD45F6 /* UserDefault Methods */ = {
			isa = PBXGroup;
			children = (
				11EA1C682AF2E40500BD45F6 /* MainUDMethods.swift */,
			);
			path = "UserDefault Methods";
			sourceTree = "<group>";
		};
		11EA1C6A2AF2E55700BD45F6 /* Modal Entries */ = {
			isa = PBXGroup;
			children = (
				1165C0372AF5E74900F6C641 /* AccountEntryModal */,
			);
			path = "Modal Entries";
			sourceTree = "<group>";
		};
/* End PBXGroup section */

/* Begin PBXNativeTarget section */
		111ADDE62AEEDE41001D04B4 /* Personal Finance App */ = {
			isa = PBXNativeTarget;
			buildConfigurationList = 111ADDF52AEEDE43001D04B4 /* Build configuration list for PBXNativeTarget "Personal Finance App" */;
			buildPhases = (
				111ADDE32AEEDE41001D04B4 /* Sources */,
				111ADDE42AEEDE41001D04B4 /* Frameworks */,
				111ADDE52AEEDE41001D04B4 /* Resources */,
			);
			buildRules = (
			);
			dependencies = (
			);
			name = "Personal Finance App";
			productName = "Personal Finance App";
			productReference = 111ADDE72AEEDE41001D04B4 /* Personal Finance App.app */;
			productType = "com.apple.product-type.application";
		};
/* End PBXNativeTarget section */

/* Begin PBXProject section */
		111ADDDF2AEEDE41001D04B4 /* Project object */ = {
			isa = PBXProject;
			attributes = {
				BuildIndependentTargetsInParallel = 1;
				LastSwiftUpdateCheck = 1340;
				LastUpgradeCheck = 1340;
				TargetAttributes = {
					111ADDE62AEEDE41001D04B4 = {
						CreatedOnToolsVersion = 13.4.1;
					};
				};
			};
			buildConfigurationList = 111ADDE22AEEDE41001D04B4 /* Build configuration list for PBXProject "Personal Finance App" */;
			compatibilityVersion = "Xcode 13.0";
			developmentRegion = en;
			hasScannedForEncodings = 0;
			knownRegions = (
				en,
				Base,
			);
			mainGroup = 111ADDDE2AEEDE41001D04B4;
			productRefGroup = 111ADDE82AEEDE41001D04B4 /* Products */;
			projectDirPath = "";
			projectRoot = "";
			targets = (
				111ADDE62AEEDE41001D04B4 /* Personal Finance App */,
			);
		};
/* End PBXProject section */

/* Begin PBXResourcesBuildPhase section */
		111ADDE52AEEDE41001D04B4 /* Resources */ = {
			isa = PBXResourcesBuildPhase;
			buildActionMask = 2147483647;
			files = (
				111ADDF22AEEDE43001D04B4 /* Preview Assets.xcassets in Resources */,
				111ADDEF2AEEDE43001D04B4 /* Assets.xcassets in Resources */,
			);
			runOnlyForDeploymentPostprocessing = 0;
		};
/* End PBXResourcesBuildPhase section */

/* Begin PBXSourcesBuildPhase section */
		111ADDE32AEEDE41001D04B4 /* Sources */ = {
			isa = PBXSourcesBuildPhase;
			buildActionMask = 2147483647;
			files = (
				115C4F5D2AF18CBC000B9108 /* SplashScreenView.swift in Sources */,
				1165C0392AF5E76900F6C641 /* AccountEntryModal+ViewModel.swift in Sources */,
				11EA1C5C2AF22F2E00BD45F6 /* AccountModel.swift in Sources */,
				11EA1C6C2AF2E57B00BD45F6 /* AccountEntryModal.swift in Sources */,
				11EA1C6E2AF36BC900BD45F6 /* NumberOnlyViewModifier.swift in Sources */,
				11EA1C662AF2396800BD45F6 /* AccountRow.swift in Sources */,
				11EA1C642AF2350100BD45F6 /* MainButton.swift in Sources */,
				111ADDED2AEEDE41001D04B4 /* ContentView.swift in Sources */,
				1165C03B2AF6A6FC00F6C641 /* TransactionModel.swift in Sources */,
				11EA1C5F2AF2332700BD45F6 /* SetupView.swift in Sources */,
				111ADDEB2AEEDE41001D04B4 /* Personal_Finance_AppApp.swift in Sources */,
				11EA1C692AF2E40500BD45F6 /* MainUDMethods.swift in Sources */,
				115C4F612AF18DD3000B9108 /* MainViewBuilder.swift in Sources */,
				1106A01E2AF1B42E00B5F7DB /* UserEntryRow.swift in Sources */,
				11EA1C612AF2335D00BD45F6 /* SetupView+ViewModel.swift in Sources */,
			);
			runOnlyForDeploymentPostprocessing = 0;
		};
/* End PBXSourcesBuildPhase section */

/* Begin XCBuildConfiguration section */
		111ADDF32AEEDE43001D04B4 /* Debug */ = {
			isa = XCBuildConfiguration;
			buildSettings = {
				ALWAYS_SEARCH_USER_PATHS = NO;
				CLANG_ANALYZER_NONNULL = YES;
				CLANG_ANALYZER_NUMBER_OBJECT_CONVERSION = YES_AGGRESSIVE;
				CLANG_CXX_LANGUAGE_STANDARD = "gnu++17";
				CLANG_ENABLE_MODULES = YES;
				CLANG_ENABLE_OBJC_ARC = YES;
				CLANG_ENABLE_OBJC_WEAK = YES;
				CLANG_WARN_BLOCK_CAPTURE_AUTORELEASING = YES;
				CLANG_WARN_BOOL_CONVERSION = YES;
				CLANG_WARN_COMMA = YES;
				CLANG_WARN_CONSTANT_CONVERSION = YES;
				CLANG_WARN_DEPRECATED_OBJC_IMPLEMENTATIONS = YES;
				CLANG_WARN_DIRECT_OBJC_ISA_USAGE = YES_ERROR;
				CLANG_WARN_DOCUMENTATION_COMMENTS = YES;
				CLANG_WARN_EMPTY_BODY = YES;
				CLANG_WARN_ENUM_CONVERSION = YES;
				CLANG_WARN_INFINITE_RECURSION = YES;
				CLANG_WARN_INT_CONVERSION = YES;
				CLANG_WARN_NON_LITERAL_NULL_CONVERSION = YES;
				CLANG_WARN_OBJC_IMPLICIT_RETAIN_SELF = YES;
				CLANG_WARN_OBJC_LITERAL_CONVERSION = YES;
				CLANG_WARN_OBJC_ROOT_CLASS = YES_ERROR;
				CLANG_WARN_QUOTED_INCLUDE_IN_FRAMEWORK_HEADER = YES;
				CLANG_WARN_RANGE_LOOP_ANALYSIS = YES;
				CLANG_WARN_STRICT_PROTOTYPES = YES;
				CLANG_WARN_SUSPICIOUS_MOVE = YES;
				CLANG_WARN_UNGUARDED_AVAILABILITY = YES_AGGRESSIVE;
				CLANG_WARN_UNREACHABLE_CODE = YES;
				CLANG_WARN__DUPLICATE_METHOD_MATCH = YES;
				COPY_PHASE_STRIP = NO;
				DEBUG_INFORMATION_FORMAT = dwarf;
				ENABLE_STRICT_OBJC_MSGSEND = YES;
				ENABLE_TESTABILITY = YES;
				GCC_C_LANGUAGE_STANDARD = gnu11;
				GCC_DYNAMIC_NO_PIC = NO;
				GCC_NO_COMMON_BLOCKS = YES;
				GCC_OPTIMIZATION_LEVEL = 0;
				GCC_PREPROCESSOR_DEFINITIONS = (
					"DEBUG=1",
					"$(inherited)",
				);
				GCC_WARN_64_TO_32_BIT_CONVERSION = YES;
				GCC_WARN_ABOUT_RETURN_TYPE = YES_ERROR;
				GCC_WARN_UNDECLARED_SELECTOR = YES;
				GCC_WARN_UNINITIALIZED_AUTOS = YES_AGGRESSIVE;
				GCC_WARN_UNUSED_FUNCTION = YES;
				GCC_WARN_UNUSED_VARIABLE = YES;
				IPHONEOS_DEPLOYMENT_TARGET = 15.5;
				MTL_ENABLE_DEBUG_INFO = INCLUDE_SOURCE;
				MTL_FAST_MATH = YES;
				ONLY_ACTIVE_ARCH = YES;
				SDKROOT = iphoneos;
				SWIFT_ACTIVE_COMPILATION_CONDITIONS = DEBUG;
				SWIFT_OPTIMIZATION_LEVEL = "-Onone";
			};
			name = Debug;
		};
		111ADDF42AEEDE43001D04B4 /* Release */ = {
			isa = XCBuildConfiguration;
			buildSettings = {
				ALWAYS_SEARCH_USER_PATHS = NO;
				CLANG_ANALYZER_NONNULL = YES;
				CLANG_ANALYZER_NUMBER_OBJECT_CONVERSION = YES_AGGRESSIVE;
				CLANG_CXX_LANGUAGE_STANDARD = "gnu++17";
				CLANG_ENABLE_MODULES = YES;
				CLANG_ENABLE_OBJC_ARC = YES;
				CLANG_ENABLE_OBJC_WEAK = YES;
				CLANG_WARN_BLOCK_CAPTURE_AUTORELEASING = YES;
				CLANG_WARN_BOOL_CONVERSION = YES;
				CLANG_WARN_COMMA = YES;
				CLANG_WARN_CONSTANT_CONVERSION = YES;
				CLANG_WARN_DEPRECATED_OBJC_IMPLEMENTATIONS = YES;
				CLANG_WARN_DIRECT_OBJC_ISA_USAGE = YES_ERROR;
				CLANG_WARN_DOCUMENTATION_COMMENTS = YES;
				CLANG_WARN_EMPTY_BODY = YES;
				CLANG_WARN_ENUM_CONVERSION = YES;
				CLANG_WARN_INFINITE_RECURSION = YES;
				CLANG_WARN_INT_CONVERSION = YES;
				CLANG_WARN_NON_LITERAL_NULL_CONVERSION = YES;
				CLANG_WARN_OBJC_IMPLICIT_RETAIN_SELF = YES;
				CLANG_WARN_OBJC_LITERAL_CONVERSION = YES;
				CLANG_WARN_OBJC_ROOT_CLASS = YES_ERROR;
				CLANG_WARN_QUOTED_INCLUDE_IN_FRAMEWORK_HEADER = YES;
				CLANG_WARN_RANGE_LOOP_ANALYSIS = YES;
				CLANG_WARN_STRICT_PROTOTYPES = YES;
				CLANG_WARN_SUSPICIOUS_MOVE = YES;
				CLANG_WARN_UNGUARDED_AVAILABILITY = YES_AGGRESSIVE;
				CLANG_WARN_UNREACHABLE_CODE = YES;
				CLANG_WARN__DUPLICATE_METHOD_MATCH = YES;
				COPY_PHASE_STRIP = NO;
				DEBUG_INFORMATION_FORMAT = "dwarf-with-dsym";
				ENABLE_NS_ASSERTIONS = NO;
				ENABLE_STRICT_OBJC_MSGSEND = YES;
				GCC_C_LANGUAGE_STANDARD = gnu11;
				GCC_NO_COMMON_BLOCKS = YES;
				GCC_WARN_64_TO_32_BIT_CONVERSION = YES;
				GCC_WARN_ABOUT_RETURN_TYPE = YES_ERROR;
				GCC_WARN_UNDECLARED_SELECTOR = YES;
				GCC_WARN_UNINITIALIZED_AUTOS = YES_AGGRESSIVE;
				GCC_WARN_UNUSED_FUNCTION = YES;
				GCC_WARN_UNUSED_VARIABLE = YES;
				IPHONEOS_DEPLOYMENT_TARGET = 15.5;
				MTL_ENABLE_DEBUG_INFO = NO;
				MTL_FAST_MATH = YES;
				SDKROOT = iphoneos;
				SWIFT_COMPILATION_MODE = wholemodule;
				SWIFT_OPTIMIZATION_LEVEL = "-O";
				VALIDATE_PRODUCT = YES;
			};
			name = Release;
		};
		111ADDF62AEEDE43001D04B4 /* Debug */ = {
			isa = XCBuildConfiguration;
			buildSettings = {
				ASSETCATALOG_COMPILER_APPICON_NAME = AppIcon;
				ASSETCATALOG_COMPILER_GLOBAL_ACCENT_COLOR_NAME = AccentColor;
				CODE_SIGN_STYLE = Automatic;
				CURRENT_PROJECT_VERSION = 1;
				DEVELOPMENT_ASSET_PATHS = "\"Personal Finance App/Preview Content\"";
				DEVELOPMENT_TEAM = SR43B28UH6;
				ENABLE_PREVIEWS = YES;
				GENERATE_INFOPLIST_FILE = YES;
				INFOPLIST_KEY_UIApplicationSceneManifest_Generation = YES;
				INFOPLIST_KEY_UIApplicationSupportsIndirectInputEvents = YES;
				INFOPLIST_KEY_UILaunchScreen_Generation = YES;
				INFOPLIST_KEY_UISupportedInterfaceOrientations_iPad = "UIInterfaceOrientationPortrait UIInterfaceOrientationPortraitUpsideDown UIInterfaceOrientationLandscapeLeft UIInterfaceOrientationLandscapeRight";
				INFOPLIST_KEY_UISupportedInterfaceOrientations_iPhone = "UIInterfaceOrientationPortrait UIInterfaceOrientationLandscapeLeft UIInterfaceOrientationLandscapeRight";
				IPHONEOS_DEPLOYMENT_TARGET = 17.0;
				LD_RUNPATH_SEARCH_PATHS = (
					"$(inherited)",
					"@executable_path/Frameworks",
				);
				MARKETING_VERSION = 1.0;
				PRODUCT_BUNDLE_IDENTIFIER = "ivm.Personal-Finance-App";
				PRODUCT_NAME = "$(TARGET_NAME)";
				SWIFT_EMIT_LOC_STRINGS = YES;
				SWIFT_VERSION = 5.0;
				TARGETED_DEVICE_FAMILY = "1,2";
			};
			name = Debug;
		};
		111ADDF72AEEDE43001D04B4 /* Release */ = {
			isa = XCBuildConfiguration;
			buildSettings = {
				ASSETCATALOG_COMPILER_APPICON_NAME = AppIcon;
				ASSETCATALOG_COMPILER_GLOBAL_ACCENT_COLOR_NAME = AccentColor;
				CODE_SIGN_STYLE = Automatic;
				CURRENT_PROJECT_VERSION = 1;
				DEVELOPMENT_ASSET_PATHS = "\"Personal Finance App/Preview Content\"";
				DEVELOPMENT_TEAM = SR43B28UH6;
				ENABLE_PREVIEWS = YES;
				GENERATE_INFOPLIST_FILE = YES;
				INFOPLIST_KEY_UIApplicationSceneManifest_Generation = YES;
				INFOPLIST_KEY_UIApplicationSupportsIndirectInputEvents = YES;
				INFOPLIST_KEY_UILaunchScreen_Generation = YES;
				INFOPLIST_KEY_UISupportedInterfaceOrientations_iPad = "UIInterfaceOrientationPortrait UIInterfaceOrientationPortraitUpsideDown UIInterfaceOrientationLandscapeLeft UIInterfaceOrientationLandscapeRight";
				INFOPLIST_KEY_UISupportedInterfaceOrientations_iPhone = "UIInterfaceOrientationPortrait UIInterfaceOrientationLandscapeLeft UIInterfaceOrientationLandscapeRight";
				IPHONEOS_DEPLOYMENT_TARGET = 17.0;
				LD_RUNPATH_SEARCH_PATHS = (
					"$(inherited)",
					"@executable_path/Frameworks",
				);
				MARKETING_VERSION = 1.0;
				PRODUCT_BUNDLE_IDENTIFIER = "ivm.Personal-Finance-App";
				PRODUCT_NAME = "$(TARGET_NAME)";
				SWIFT_EMIT_LOC_STRINGS = YES;
				SWIFT_VERSION = 5.0;
				TARGETED_DEVICE_FAMILY = "1,2";
			};
			name = Release;
		};
/* End XCBuildConfiguration section */

/* Begin XCConfigurationList section */
		111ADDE22AEEDE41001D04B4 /* Build configuration list for PBXProject "Personal Finance App" */ = {
			isa = XCConfigurationList;
			buildConfigurations = (
				111ADDF32AEEDE43001D04B4 /* Debug */,
				111ADDF42AEEDE43001D04B4 /* Release */,
			);
			defaultConfigurationIsVisible = 0;
			defaultConfigurationName = Release;
		};
		111ADDF52AEEDE43001D04B4 /* Build configuration list for PBXNativeTarget "Personal Finance App" */ = {
			isa = XCConfigurationList;
			buildConfigurations = (
				111ADDF62AEEDE43001D04B4 /* Debug */,
				111ADDF72AEEDE43001D04B4 /* Release */,
			);
			defaultConfigurationIsVisible = 0;
			defaultConfigurationName = Release;
		};
/* End XCConfigurationList section */
	};
	rootObject = 111ADDDF2AEEDE41001D04B4 /* Project object */;
}
